// !$*UTF8*$!
{
	archiveVersion = 1;
	classes = {
	};
	objectVersion = 51;
	objects = {

/* Begin PBXBuildFile section */
		4234F7E7244F523A00145B57 /* Team.swift in Sources */ = {isa = PBXBuildFile; fileRef = 4234F7E6244F523A00145B57 /* Team.swift */; };
		4234F7E9244F55EB00145B57 /* Event.swift in Sources */ = {isa = PBXBuildFile; fileRef = 4234F7E8244F55EB00145B57 /* Event.swift */; };
		427A4452244C3F7B00CF3B68 /* LocalEntity.swift in Sources */ = {isa = PBXBuildFile; fileRef = 427A4451244C3F7B00CF3B68 /* LocalEntity.swift */; };
		427A4454244C4E9200CF3B68 /* FavouriteTableViewCell.swift in Sources */ = {isa = PBXBuildFile; fileRef = 427A4453244C4E9200CF3B68 /* FavouriteTableViewCell.swift */; };
		429E2C90244A194E00CBB7E3 /* AppDelegate.swift in Sources */ = {isa = PBXBuildFile; fileRef = 429E2C8F244A194E00CBB7E3 /* AppDelegate.swift */; };
		429E2C92244A194E00CBB7E3 /* HomeViewController.swift in Sources */ = {isa = PBXBuildFile; fileRef = 429E2C91244A194E00CBB7E3 /* HomeViewController.swift */; };
		429E2C95244A194E00CBB7E3 /* Main.storyboard in Resources */ = {isa = PBXBuildFile; fileRef = 429E2C93244A194E00CBB7E3 /* Main.storyboard */; };
		429E2C98244A194E00CBB7E3 /* SportApp.xcdatamodeld in Sources */ = {isa = PBXBuildFile; fileRef = 429E2C96244A194E00CBB7E3 /* SportApp.xcdatamodeld */; };
		429E2C9A244A195100CBB7E3 /* Assets.xcassets in Resources */ = {isa = PBXBuildFile; fileRef = 429E2C99244A195100CBB7E3 /* Assets.xcassets */; };
		429E2C9D244A195100CBB7E3 /* LaunchScreen.storyboard in Resources */ = {isa = PBXBuildFile; fileRef = 429E2C9B244A195100CBB7E3 /* LaunchScreen.storyboard */; };
		429E2CAA244A1ABA00CBB7E3 /* HomeContract.swift in Sources */ = {isa = PBXBuildFile; fileRef = 429E2CA9244A1ABA00CBB7E3 /* HomeContract.swift */; };
		429E2CAC244A1ADC00CBB7E3 /* HomePresenter.swift in Sources */ = {isa = PBXBuildFile; fileRef = 429E2CAB244A1ADC00CBB7E3 /* HomePresenter.swift */; };
		429E2CAE244A1B8600CBB7E3 /* FavouriteContract.swift in Sources */ = {isa = PBXBuildFile; fileRef = 429E2CAD244A1B8600CBB7E3 /* FavouriteContract.swift */; };
		429E2CB0244A1BCE00CBB7E3 /* FavouritePresenter.swift in Sources */ = {isa = PBXBuildFile; fileRef = 429E2CAF244A1BCE00CBB7E3 /* FavouritePresenter.swift */; };
		429E2CB2244A1CB700CBB7E3 /* FavouriteViewController.swift in Sources */ = {isa = PBXBuildFile; fileRef = 429E2CB1244A1CB700CBB7E3 /* FavouriteViewController.swift */; };
		429E2CB6244A1ED600CBB7E3 /* LeaguesViewController.swift in Sources */ = {isa = PBXBuildFile; fileRef = 429E2CB5244A1ED600CBB7E3 /* LeaguesViewController.swift */; };
		429E2CB8244A1EE900CBB7E3 /* LeaguesContract.swift in Sources */ = {isa = PBXBuildFile; fileRef = 429E2CB7244A1EE900CBB7E3 /* LeaguesContract.swift */; };
		429E2CBA244A1F0000CBB7E3 /* LeaguePresenter.swift in Sources */ = {isa = PBXBuildFile; fileRef = 429E2CB9244A1F0000CBB7E3 /* LeaguePresenter.swift */; };
		429E2CBF244A1FBF00CBB7E3 /* LeagueDetailsViewController.swift in Sources */ = {isa = PBXBuildFile; fileRef = 429E2CBE244A1FBF00CBB7E3 /* LeagueDetailsViewController.swift */; };
		429E2CC1244A1FD800CBB7E3 /* LeagueDetailsContract.swift in Sources */ = {isa = PBXBuildFile; fileRef = 429E2CC0244A1FD800CBB7E3 /* LeagueDetailsContract.swift */; };
		429E2CC3244A200800CBB7E3 /* LeagueDetailsPresenter.swift in Sources */ = {isa = PBXBuildFile; fileRef = 429E2CC2244A200800CBB7E3 /* LeagueDetailsPresenter.swift */; };
		429E2CC6244A20B200CBB7E3 /* TeamDetailsViewController.swift in Sources */ = {isa = PBXBuildFile; fileRef = 429E2CC5244A20B200CBB7E3 /* TeamDetailsViewController.swift */; };
		429E2CC8244A20C800CBB7E3 /* TeamDetailsContract.swift in Sources */ = {isa = PBXBuildFile; fileRef = 429E2CC7244A20C800CBB7E3 /* TeamDetailsContract.swift */; };
		429E2CCA244A20E100CBB7E3 /* TeamDetailsPresenter.swift in Sources */ = {isa = PBXBuildFile; fileRef = 429E2CC9244A20E100CBB7E3 /* TeamDetailsPresenter.swift */; };
		429E2CCC244A2FF900CBB7E3 /* Network.swift in Sources */ = {isa = PBXBuildFile; fileRef = 429E2CCB244A2FF900CBB7E3 /* Network.swift */; };
		429E2CCE244A300900CBB7E3 /* LocalData.swift in Sources */ = {isa = PBXBuildFile; fileRef = 429E2CCD244A300900CBB7E3 /* LocalData.swift */; };
		AB9AA7B796C00D82C14942ED /* Pods_SportApp.framework in Frameworks */ = {isa = PBXBuildFile; fileRef = 4946FBBF4134C40F7D70E8DC /* Pods_SportApp.framework */; };
		BF3874AC244B2F8E00313CBC /* image7.jpg in Resources */ = {isa = PBXBuildFile; fileRef = BF3874AB244B2F8E00313CBC /* image7.jpg */; };
		BF3874B2244B366B00313CBC /* CustomCell1.swift in Sources */ = {isa = PBXBuildFile; fileRef = BF3874B1244B366B00313CBC /* CustomCell1.swift */; };
		BF3874B6244C86A400313CBC /* colors.swift in Sources */ = {isa = PBXBuildFile; fileRef = BF3874B5244C86A400313CBC /* colors.swift */; };
		BF3A66652452540A00BFDE16 /* WhatsApp Image 2020-04-24 at 12.51.44 AM-2.jpeg in Resources */ = {isa = PBXBuildFile; fileRef = BF3A66632452540A00BFDE16 /* WhatsApp Image 2020-04-24 at 12.51.44 AM-2.jpeg */; };
		BF3A66662452540A00BFDE16 /* WhatsApp Image 2020-04-24 at 12.51.44 AM.jpeg in Resources */ = {isa = PBXBuildFile; fileRef = BF3A66642452540A00BFDE16 /* WhatsApp Image 2020-04-24 at 12.51.44 AM.jpeg */; };
		BF3ACC0624505CEA007AB784 /* WhatsApp Image 2020-04-20 at 6.29.13 PM.jpeg in Resources */ = {isa = PBXBuildFile; fileRef = BF3ACC0524505CE9007AB784 /* WhatsApp Image 2020-04-20 at 6.29.13 PM.jpeg */; };
		BF3ACC0824505DAC007AB784 /* WhatsApp Image 2020-04-22 at 1.09.05 PM.jpeg in Resources */ = {isa = PBXBuildFile; fileRef = BF3ACC0724505DAC007AB784 /* WhatsApp Image 2020-04-22 at 1.09.05 PM.jpeg */; };
		BF3ACC0A245061CD007AB784 /* resultCell.swift in Sources */ = {isa = PBXBuildFile; fileRef = BF3ACC09245061CD007AB784 /* resultCell.swift */; };
		BF3ACC0C2450623E007AB784 /* enentCell.swift in Sources */ = {isa = PBXBuildFile; fileRef = BF3ACC0B2450623E007AB784 /* enentCell.swift */; };
		BF3ACC0E245064BD007AB784 /* Teamcell.swift in Sources */ = {isa = PBXBuildFile; fileRef = BF3ACC0D245064BD007AB784 /* Teamcell.swift */; };
		BF3ACC102451010A007AB784 /* LeagueCell.swift in Sources */ = {isa = PBXBuildFile; fileRef = BF3ACC0F2451010A007AB784 /* LeagueCell.swift */; };
		BF3D5664244F828100AB944F /* WhatsApp Image 2020-04-19 at 12.57.01 AM.jpeg in Resources */ = {isa = PBXBuildFile; fileRef = BF3D5663244F828100AB944F /* WhatsApp Image 2020-04-19 at 12.57.01 AM.jpeg */; };
		BF3D5666244F90D700AB944F /* WhatsApp Image 2020-04-21 at 10.26.22 PM.jpeg in Resources */ = {isa = PBXBuildFile; fileRef = BF3D5665244F90D700AB944F /* WhatsApp Image 2020-04-21 at 10.26.22 PM.jpeg */; };
		BF3D5668244F964000AB944F /* WhatsApp Image 2020-04-21 at 10.56.23 PM.jpeg in Resources */ = {isa = PBXBuildFile; fileRef = BF3D5667244F964000AB944F /* WhatsApp Image 2020-04-21 at 10.56.23 PM.jpeg */; };
		BFF584AB244CF18300CFC3BF /* basketball-court.svg in Resources */ = {isa = PBXBuildFile; fileRef = BFF584AA244CF18200CFC3BF /* basketball-court.svg */; };
		BFF584AD244CF6E000CFC3BF /* WhatsApp Image 2020-04-19 at 11.13.37 PM.jpeg in Resources */ = {isa = PBXBuildFile; fileRef = BFF584AC244CF6DF00CFC3BF /* WhatsApp Image 2020-04-19 at 11.13.37 PM.jpeg */; };
		BFF584AF244CFEDC00CFC3BF /* WhatsApp Image 2020-04-20 at 6.29.13 PM.jpeg in Resources */ = {isa = PBXBuildFile; fileRef = BFF584AE244CFEDC00CFC3BF /* WhatsApp Image 2020-04-20 at 6.29.13 PM.jpeg */; };
		BFF584B1244E2F7300CFC3BF /* TeamEventsCell.swift in Sources */ = {isa = PBXBuildFile; fileRef = BFF584B0244E2F7300CFC3BF /* TeamEventsCell.swift */; };
		BFF584B3244E2FD800CFC3BF /* playercells.swift in Sources */ = {isa = PBXBuildFile; fileRef = BFF584B2244E2FD800CFC3BF /* playercells.swift */; };
/* End PBXBuildFile section */

/* Begin PBXFileReference section */
		4234F7E6244F523A00145B57 /* Team.swift */ = {isa = PBXFileReference; lastKnownFileType = sourcecode.swift; path = Team.swift; sourceTree = "<group>"; };
		4234F7E8244F55EB00145B57 /* Event.swift */ = {isa = PBXFileReference; lastKnownFileType = sourcecode.swift; path = Event.swift; sourceTree = "<group>"; };
		427A4451244C3F7B00CF3B68 /* LocalEntity.swift */ = {isa = PBXFileReference; lastKnownFileType = sourcecode.swift; path = LocalEntity.swift; sourceTree = "<group>"; };
		427A4453244C4E9200CF3B68 /* FavouriteTableViewCell.swift */ = {isa = PBXFileReference; lastKnownFileType = sourcecode.swift; path = FavouriteTableViewCell.swift; sourceTree = "<group>"; };
		429E2C8C244A194E00CBB7E3 /* SportApp.app */ = {isa = PBXFileReference; explicitFileType = wrapper.application; includeInIndex = 0; path = SportApp.app; sourceTree = BUILT_PRODUCTS_DIR; };
		429E2C8F244A194E00CBB7E3 /* AppDelegate.swift */ = {isa = PBXFileReference; lastKnownFileType = sourcecode.swift; path = AppDelegate.swift; sourceTree = "<group>"; };
		429E2C91244A194E00CBB7E3 /* HomeViewController.swift */ = {isa = PBXFileReference; lastKnownFileType = sourcecode.swift; path = HomeViewController.swift; sourceTree = "<group>"; };
		429E2C94244A194E00CBB7E3 /* Base */ = {isa = PBXFileReference; lastKnownFileType = file.storyboard; name = Base; path = Base.lproj/Main.storyboard; sourceTree = "<group>"; };
		429E2C97244A194E00CBB7E3 /* SportApp.xcdatamodel */ = {isa = PBXFileReference; lastKnownFileType = wrapper.xcdatamodel; path = SportApp.xcdatamodel; sourceTree = "<group>"; };
		429E2C99244A195100CBB7E3 /* Assets.xcassets */ = {isa = PBXFileReference; lastKnownFileType = folder.assetcatalog; path = Assets.xcassets; sourceTree = "<group>"; };
		429E2C9C244A195100CBB7E3 /* Base */ = {isa = PBXFileReference; lastKnownFileType = file.storyboard; name = Base; path = Base.lproj/LaunchScreen.storyboard; sourceTree = "<group>"; };
		429E2C9E244A195100CBB7E3 /* Info.plist */ = {isa = PBXFileReference; lastKnownFileType = text.plist.xml; path = Info.plist; sourceTree = "<group>"; };
		429E2CA9244A1ABA00CBB7E3 /* HomeContract.swift */ = {isa = PBXFileReference; lastKnownFileType = sourcecode.swift; path = HomeContract.swift; sourceTree = "<group>"; };
		429E2CAB244A1ADC00CBB7E3 /* HomePresenter.swift */ = {isa = PBXFileReference; lastKnownFileType = sourcecode.swift; path = HomePresenter.swift; sourceTree = "<group>"; };
		429E2CAD244A1B8600CBB7E3 /* FavouriteContract.swift */ = {isa = PBXFileReference; lastKnownFileType = sourcecode.swift; path = FavouriteContract.swift; sourceTree = "<group>"; };
		429E2CAF244A1BCE00CBB7E3 /* FavouritePresenter.swift */ = {isa = PBXFileReference; lastKnownFileType = sourcecode.swift; path = FavouritePresenter.swift; sourceTree = "<group>"; };
		429E2CB1244A1CB700CBB7E3 /* FavouriteViewController.swift */ = {isa = PBXFileReference; lastKnownFileType = sourcecode.swift; path = FavouriteViewController.swift; sourceTree = "<group>"; };
		429E2CB5244A1ED600CBB7E3 /* LeaguesViewController.swift */ = {isa = PBXFileReference; lastKnownFileType = sourcecode.swift; path = LeaguesViewController.swift; sourceTree = "<group>"; };
		429E2CB7244A1EE900CBB7E3 /* LeaguesContract.swift */ = {isa = PBXFileReference; lastKnownFileType = sourcecode.swift; path = LeaguesContract.swift; sourceTree = "<group>"; };
		429E2CB9244A1F0000CBB7E3 /* LeaguePresenter.swift */ = {isa = PBXFileReference; lastKnownFileType = sourcecode.swift; path = LeaguePresenter.swift; sourceTree = "<group>"; };
		429E2CBE244A1FBF00CBB7E3 /* LeagueDetailsViewController.swift */ = {isa = PBXFileReference; lastKnownFileType = sourcecode.swift; path = LeagueDetailsViewController.swift; sourceTree = "<group>"; };
		429E2CC0244A1FD800CBB7E3 /* LeagueDetailsContract.swift */ = {isa = PBXFileReference; lastKnownFileType = sourcecode.swift; path = LeagueDetailsContract.swift; sourceTree = "<group>"; };
		429E2CC2244A200800CBB7E3 /* LeagueDetailsPresenter.swift */ = {isa = PBXFileReference; lastKnownFileType = sourcecode.swift; path = LeagueDetailsPresenter.swift; sourceTree = "<group>"; };
		429E2CC5244A20B200CBB7E3 /* TeamDetailsViewController.swift */ = {isa = PBXFileReference; lastKnownFileType = sourcecode.swift; path = TeamDetailsViewController.swift; sourceTree = "<group>"; };
		429E2CC7244A20C800CBB7E3 /* TeamDetailsContract.swift */ = {isa = PBXFileReference; lastKnownFileType = sourcecode.swift; path = TeamDetailsContract.swift; sourceTree = "<group>"; };
		429E2CC9244A20E100CBB7E3 /* TeamDetailsPresenter.swift */ = {isa = PBXFileReference; lastKnownFileType = sourcecode.swift; path = TeamDetailsPresenter.swift; sourceTree = "<group>"; };
		429E2CCB244A2FF900CBB7E3 /* Network.swift */ = {isa = PBXFileReference; lastKnownFileType = sourcecode.swift; path = Network.swift; sourceTree = "<group>"; };
		429E2CCD244A300900CBB7E3 /* LocalData.swift */ = {isa = PBXFileReference; lastKnownFileType = sourcecode.swift; path = LocalData.swift; sourceTree = "<group>"; };
		4946FBBF4134C40F7D70E8DC /* Pods_SportApp.framework */ = {isa = PBXFileReference; explicitFileType = wrapper.framework; includeInIndex = 0; path = Pods_SportApp.framework; sourceTree = BUILT_PRODUCTS_DIR; };
		838341358E1E1ABD9A14700B /* Pods-SportApp.release.xcconfig */ = {isa = PBXFileReference; includeInIndex = 1; lastKnownFileType = text.xcconfig; name = "Pods-SportApp.release.xcconfig"; path = "Target Support Files/Pods-SportApp/Pods-SportApp.release.xcconfig"; sourceTree = "<group>"; };
		BF3874AB244B2F8E00313CBC /* image7.jpg */ = {isa = PBXFileReference; lastKnownFileType = image.jpeg; path = image7.jpg; sourceTree = "<group>"; };
		BF3874B1244B366B00313CBC /* CustomCell1.swift */ = {isa = PBXFileReference; lastKnownFileType = sourcecode.swift; path = CustomCell1.swift; sourceTree = "<group>"; };
		BF3874B5244C86A400313CBC /* colors.swift */ = {isa = PBXFileReference; fileEncoding = 4; lastKnownFileType = sourcecode.swift; path = colors.swift; sourceTree = "<group>"; };
		BF3A66632452540A00BFDE16 /* WhatsApp Image 2020-04-24 at 12.51.44 AM-2.jpeg */ = {isa = PBXFileReference; lastKnownFileType = image.jpeg; path = "WhatsApp Image 2020-04-24 at 12.51.44 AM-2.jpeg"; sourceTree = "<group>"; };
		BF3A66642452540A00BFDE16 /* WhatsApp Image 2020-04-24 at 12.51.44 AM.jpeg */ = {isa = PBXFileReference; lastKnownFileType = image.jpeg; path = "WhatsApp Image 2020-04-24 at 12.51.44 AM.jpeg"; sourceTree = "<group>"; };
		BF3ACC0524505CE9007AB784 /* WhatsApp Image 2020-04-20 at 6.29.13 PM.jpeg */ = {isa = PBXFileReference; lastKnownFileType = image.jpeg; path = "WhatsApp Image 2020-04-20 at 6.29.13 PM.jpeg"; sourceTree = "<group>"; };
		BF3ACC0724505DAC007AB784 /* WhatsApp Image 2020-04-22 at 1.09.05 PM.jpeg */ = {isa = PBXFileReference; lastKnownFileType = image.jpeg; path = "WhatsApp Image 2020-04-22 at 1.09.05 PM.jpeg"; sourceTree = "<group>"; };
		BF3ACC09245061CD007AB784 /* resultCell.swift */ = {isa = PBXFileReference; lastKnownFileType = sourcecode.swift; path = resultCell.swift; sourceTree = "<group>"; };
		BF3ACC0B2450623E007AB784 /* enentCell.swift */ = {isa = PBXFileReference; lastKnownFileType = sourcecode.swift; path = enentCell.swift; sourceTree = "<group>"; };
		BF3ACC0D245064BD007AB784 /* Teamcell.swift */ = {isa = PBXFileReference; lastKnownFileType = sourcecode.swift; path = Teamcell.swift; sourceTree = "<group>"; };
		BF3ACC0F2451010A007AB784 /* LeagueCell.swift */ = {isa = PBXFileReference; lastKnownFileType = sourcecode.swift; path = LeagueCell.swift; sourceTree = "<group>"; };
		BF3D5663244F828100AB944F /* WhatsApp Image 2020-04-19 at 12.57.01 AM.jpeg */ = {isa = PBXFileReference; lastKnownFileType = image.jpeg; path = "WhatsApp Image 2020-04-19 at 12.57.01 AM.jpeg"; sourceTree = "<group>"; };
		BF3D5665244F90D700AB944F /* WhatsApp Image 2020-04-21 at 10.26.22 PM.jpeg */ = {isa = PBXFileReference; lastKnownFileType = image.jpeg; path = "WhatsApp Image 2020-04-21 at 10.26.22 PM.jpeg"; sourceTree = "<group>"; };
		BF3D5667244F964000AB944F /* WhatsApp Image 2020-04-21 at 10.56.23 PM.jpeg */ = {isa = PBXFileReference; lastKnownFileType = image.jpeg; path = "WhatsApp Image 2020-04-21 at 10.56.23 PM.jpeg"; sourceTree = "<group>"; };
		BFF584AA244CF18200CFC3BF /* basketball-court.svg */ = {isa = PBXFileReference; fileEncoding = 4; lastKnownFileType = text.xml; path = "basketball-court.svg"; sourceTree = "<group>"; };
		BFF584AC244CF6DF00CFC3BF /* WhatsApp Image 2020-04-19 at 11.13.37 PM.jpeg */ = {isa = PBXFileReference; lastKnownFileType = image.jpeg; path = "WhatsApp Image 2020-04-19 at 11.13.37 PM.jpeg"; sourceTree = "<group>"; };
		BFF584AE244CFEDC00CFC3BF /* WhatsApp Image 2020-04-20 at 6.29.13 PM.jpeg */ = {isa = PBXFileReference; lastKnownFileType = image.jpeg; path = "WhatsApp Image 2020-04-20 at 6.29.13 PM.jpeg"; sourceTree = "<group>"; };
		BFF584B0244E2F7300CFC3BF /* TeamEventsCell.swift */ = {isa = PBXFileReference; lastKnownFileType = sourcecode.swift; path = TeamEventsCell.swift; sourceTree = "<group>"; };
		BFF584B2244E2FD800CFC3BF /* playercells.swift */ = {isa = PBXFileReference; lastKnownFileType = sourcecode.swift; path = playercells.swift; sourceTree = "<group>"; };
		C8C19F539B9DE06630C43806 /* Pods-SportApp.debug.xcconfig */ = {isa = PBXFileReference; includeInIndex = 1; lastKnownFileType = text.xcconfig; name = "Pods-SportApp.debug.xcconfig"; path = "Target Support Files/Pods-SportApp/Pods-SportApp.debug.xcconfig"; sourceTree = "<group>"; };
/* End PBXFileReference section */

/* Begin PBXFrameworksBuildPhase section */
		429E2C89244A194E00CBB7E3 /* Frameworks */ = {
			isa = PBXFrameworksBuildPhase;
			buildActionMask = 2147483647;
			files = (
				AB9AA7B796C00D82C14942ED /* Pods_SportApp.framework in Frameworks */,
			);
			runOnlyForDeploymentPostprocessing = 0;
		};
/* End PBXFrameworksBuildPhase section */

/* Begin PBXGroup section */
		4234F7E5244F521200145B57 /* Entity */ = {
			isa = PBXGroup;
			children = (
				427A4451244C3F7B00CF3B68 /* LocalEntity.swift */,
				4234F7E6244F523A00145B57 /* Team.swift */,
				4234F7E8244F55EB00145B57 /* Event.swift */,
			);
			path = Entity;
			sourceTree = "<group>";
		};
		429E2C83244A194E00CBB7E3 = {
			isa = PBXGroup;
			children = (
				429E2C8E244A194E00CBB7E3 /* SportApp */,
				429E2C8D244A194E00CBB7E3 /* Products */,
				9A95E64272F03329D6F12BB3 /* Pods */,
				92D53120AB3B6F12640DE2AC /* Frameworks */,
			);
			sourceTree = "<group>";
		};
		429E2C8D244A194E00CBB7E3 /* Products */ = {
			isa = PBXGroup;
			children = (
				429E2C8C244A194E00CBB7E3 /* SportApp.app */,
			);
			name = Products;
			sourceTree = "<group>";
		};
		429E2C8E244A194E00CBB7E3 /* SportApp */ = {
			isa = PBXGroup;
			children = (
				BF3A66632452540A00BFDE16 /* WhatsApp Image 2020-04-24 at 12.51.44 AM-2.jpeg */,
				BF3A66642452540A00BFDE16 /* WhatsApp Image 2020-04-24 at 12.51.44 AM.jpeg */,
				4234F7E5244F521200145B57 /* Entity */,
				BF3874B5244C86A400313CBC /* colors.swift */,
				429E2CC4244A209C00CBB7E3 /* TeamDetails */,
				429E2CBD244A1F9C00CBB7E3 /* LeagueDetails */,
				429E2CBC244A1F8700CBB7E3 /* Network */,
				429E2CBB244A1F7B00CBB7E3 /* CoreData */,
				429E2CB3244A1EA500CBB7E3 /* SportLeagues */,
				429E2CA4244A1A2100CBB7E3 /* Home */,
				429E2C8F244A194E00CBB7E3 /* AppDelegate.swift */,
				429E2C93244A194E00CBB7E3 /* Main.storyboard */,
				429E2C99244A195100CBB7E3 /* Assets.xcassets */,
				429E2C9B244A195100CBB7E3 /* LaunchScreen.storyboard */,
				429E2C9E244A195100CBB7E3 /* Info.plist */,
				429E2C96244A194E00CBB7E3 /* SportApp.xcdatamodeld */,
			);
			path = SportApp;
			sourceTree = "<group>";
		};
		429E2CA4244A1A2100CBB7E3 /* Home */ = {
			isa = PBXGroup;
			children = (
				429E2CA6244A1A5100CBB7E3 /* Sports */,
				429E2CA5244A1A3000CBB7E3 /* Favourite */,
			);
			path = Home;
			sourceTree = "<group>";
		};
		429E2CA5244A1A3000CBB7E3 /* Favourite */ = {
			isa = PBXGroup;
			children = (
				BFF584AC244CF6DF00CFC3BF /* WhatsApp Image 2020-04-19 at 11.13.37 PM.jpeg */,
				429E2CAF244A1BCE00CBB7E3 /* FavouritePresenter.swift */,
				429E2CAD244A1B8600CBB7E3 /* FavouriteContract.swift */,
				429E2CB1244A1CB700CBB7E3 /* FavouriteViewController.swift */,
				427A4453244C4E9200CF3B68 /* FavouriteTableViewCell.swift */,
			);
			path = Favourite;
			sourceTree = "<group>";
		};
		429E2CA6244A1A5100CBB7E3 /* Sports */ = {
			isa = PBXGroup;
			children = (
				BF3D5663244F828100AB944F /* WhatsApp Image 2020-04-19 at 12.57.01 AM.jpeg */,
				BFF584AA244CF18200CFC3BF /* basketball-court.svg */,
				BF3874AB244B2F8E00313CBC /* image7.jpg */,
				429E2C91244A194E00CBB7E3 /* HomeViewController.swift */,
				429E2CA9244A1ABA00CBB7E3 /* HomeContract.swift */,
				429E2CAB244A1ADC00CBB7E3 /* HomePresenter.swift */,
				BF3874B1244B366B00313CBC /* CustomCell1.swift */,
			);
			path = Sports;
			sourceTree = "<group>";
		};
		429E2CB3244A1EA500CBB7E3 /* SportLeagues */ = {
			isa = PBXGroup;
			children = (
				429E2CB5244A1ED600CBB7E3 /* LeaguesViewController.swift */,
				429E2CB7244A1EE900CBB7E3 /* LeaguesContract.swift */,
				429E2CB9244A1F0000CBB7E3 /* LeaguePresenter.swift */,
				BF3ACC0F2451010A007AB784 /* LeagueCell.swift */,
			);
			path = SportLeagues;
			sourceTree = "<group>";
		};
		429E2CBB244A1F7B00CBB7E3 /* CoreData */ = {
			isa = PBXGroup;
			children = (
				429E2CCD244A300900CBB7E3 /* LocalData.swift */,
			);
			path = CoreData;
			sourceTree = "<group>";
		};
		429E2CBC244A1F8700CBB7E3 /* Network */ = {
			isa = PBXGroup;
			children = (
				429E2CCB244A2FF900CBB7E3 /* Network.swift */,
			);
			path = Network;
			sourceTree = "<group>";
		};
		429E2CBD244A1F9C00CBB7E3 /* LeagueDetails */ = {
			isa = PBXGroup;
			children = (
				BF3ACC0724505DAC007AB784 /* WhatsApp Image 2020-04-22 at 1.09.05 PM.jpeg */,
				BF3ACC0524505CE9007AB784 /* WhatsApp Image 2020-04-20 at 6.29.13 PM.jpeg */,
				BF3D5667244F964000AB944F /* WhatsApp Image 2020-04-21 at 10.56.23 PM.jpeg */,
				BF3D5665244F90D700AB944F /* WhatsApp Image 2020-04-21 at 10.26.22 PM.jpeg */,
				429E2CBE244A1FBF00CBB7E3 /* LeagueDetailsViewController.swift */,
				429E2CC0244A1FD800CBB7E3 /* LeagueDetailsContract.swift */,
				429E2CC2244A200800CBB7E3 /* LeagueDetailsPresenter.swift */,
				BF3ACC09245061CD007AB784 /* resultCell.swift */,
				BF3ACC0B2450623E007AB784 /* enentCell.swift */,
				BF3ACC0D245064BD007AB784 /* Teamcell.swift */,
			);
			path = LeagueDetails;
			sourceTree = "<group>";
		};
		429E2CC4244A209C00CBB7E3 /* TeamDetails */ = {
			isa = PBXGroup;
			children = (
				BFF584AE244CFEDC00CFC3BF /* WhatsApp Image 2020-04-20 at 6.29.13 PM.jpeg */,
				429E2CC5244A20B200CBB7E3 /* TeamDetailsViewController.swift */,
				429E2CC7244A20C800CBB7E3 /* TeamDetailsContract.swift */,
				429E2CC9244A20E100CBB7E3 /* TeamDetailsPresenter.swift */,
				BFF584B0244E2F7300CFC3BF /* TeamEventsCell.swift */,
				BFF584B2244E2FD800CFC3BF /* playercells.swift */,
			);
			path = TeamDetails;
			sourceTree = "<group>";
		};
		92D53120AB3B6F12640DE2AC /* Frameworks */ = {
			isa = PBXGroup;
			children = (
				4946FBBF4134C40F7D70E8DC /* Pods_SportApp.framework */,
			);
			name = Frameworks;
			sourceTree = "<group>";
		};
		9A95E64272F03329D6F12BB3 /* Pods */ = {
			isa = PBXGroup;
			children = (
				C8C19F539B9DE06630C43806 /* Pods-SportApp.debug.xcconfig */,
				838341358E1E1ABD9A14700B /* Pods-SportApp.release.xcconfig */,
			);
			path = Pods;
			sourceTree = "<group>";
		};
/* End PBXGroup section */

/* Begin PBXNativeTarget section */
		429E2C8B244A194E00CBB7E3 /* SportApp */ = {
			isa = PBXNativeTarget;
			buildConfigurationList = 429E2CA1244A195100CBB7E3 /* Build configuration list for PBXNativeTarget "SportApp" */;
			buildPhases = (
				03C69BCAA14DE63134BBFB77 /* [CP] Check Pods Manifest.lock */,
				429E2C88244A194E00CBB7E3 /* Sources */,
				429E2C89244A194E00CBB7E3 /* Frameworks */,
				429E2C8A244A194E00CBB7E3 /* Resources */,
				ACFD153E9104E426834C6EB5 /* [CP] Embed Pods Frameworks */,
			);
			buildRules = (
			);
			dependencies = (
			);
			name = SportApp;
			productName = SportApp;
			productReference = 429E2C8C244A194E00CBB7E3 /* SportApp.app */;
			productType = "com.apple.product-type.application";
		};
/* End PBXNativeTarget section */

/* Begin PBXProject section */
		429E2C84244A194E00CBB7E3 /* Project object */ = {
			isa = PBXProject;
			attributes = {
				LastSwiftUpdateCheck = 1020;
				LastUpgradeCheck = 1020;
				ORGANIZATIONNAME = "Ahmed Elesdody";
				TargetAttributes = {
					429E2C8B244A194E00CBB7E3 = {
						CreatedOnToolsVersion = 10.2.1;
					};
				};
			};
			buildConfigurationList = 429E2C87244A194E00CBB7E3 /* Build configuration list for PBXProject "SportApp" */;
			compatibilityVersion = "Xcode 9.3";
			developmentRegion = en;
			hasScannedForEncodings = 0;
			knownRegions = (
				en,
				Base,
			);
			mainGroup = 429E2C83244A194E00CBB7E3;
			productRefGroup = 429E2C8D244A194E00CBB7E3 /* Products */;
			projectDirPath = "";
			projectRoot = "";
			targets = (
				429E2C8B244A194E00CBB7E3 /* SportApp */,
			);
		};
/* End PBXProject section */

/* Begin PBXResourcesBuildPhase section */
		429E2C8A244A194E00CBB7E3 /* Resources */ = {
			isa = PBXResourcesBuildPhase;
			buildActionMask = 2147483647;
			files = (
				429E2C9D244A195100CBB7E3 /* LaunchScreen.storyboard in Resources */,
				BFF584AD244CF6E000CFC3BF /* WhatsApp Image 2020-04-19 at 11.13.37 PM.jpeg in Resources */,
				BF3D5668244F964000AB944F /* WhatsApp Image 2020-04-21 at 10.56.23 PM.jpeg in Resources */,
				BF3ACC0624505CEA007AB784 /* WhatsApp Image 2020-04-20 at 6.29.13 PM.jpeg in Resources */,
				BFF584AF244CFEDC00CFC3BF /* WhatsApp Image 2020-04-20 at 6.29.13 PM.jpeg in Resources */,
				BFF584AB244CF18300CFC3BF /* basketball-court.svg in Resources */,
				BF3874AC244B2F8E00313CBC /* image7.jpg in Resources */,
				429E2C9A244A195100CBB7E3 /* Assets.xcassets in Resources */,
				BF3A66662452540A00BFDE16 /* WhatsApp Image 2020-04-24 at 12.51.44 AM.jpeg in Resources */,
				429E2C95244A194E00CBB7E3 /* Main.storyboard in Resources */,
				BF3D5664244F828100AB944F /* WhatsApp Image 2020-04-19 at 12.57.01 AM.jpeg in Resources */,
				BF3A66652452540A00BFDE16 /* WhatsApp Image 2020-04-24 at 12.51.44 AM-2.jpeg in Resources */,
				BF3ACC0824505DAC007AB784 /* WhatsApp Image 2020-04-22 at 1.09.05 PM.jpeg in Resources */,
				BF3D5666244F90D700AB944F /* WhatsApp Image 2020-04-21 at 10.26.22 PM.jpeg in Resources */,
			);
			runOnlyForDeploymentPostprocessing = 0;
		};
/* End PBXResourcesBuildPhase section */

/* Begin PBXShellScriptBuildPhase section */
		03C69BCAA14DE63134BBFB77 /* [CP] Check Pods Manifest.lock */ = {
			isa = PBXShellScriptBuildPhase;
			buildActionMask = 2147483647;
			files = (
			);
			inputFileListPaths = (
			);
			inputPaths = (
				"${PODS_PODFILE_DIR_PATH}/Podfile.lock",
				"${PODS_ROOT}/Manifest.lock",
			);
			name = "[CP] Check Pods Manifest.lock";
			outputFileListPaths = (
			);
			outputPaths = (
				"$(DERIVED_FILE_DIR)/Pods-SportApp-checkManifestLockResult.txt",
			);
			runOnlyForDeploymentPostprocessing = 0;
			shellPath = /bin/sh;
			shellScript = "diff \"${PODS_PODFILE_DIR_PATH}/Podfile.lock\" \"${PODS_ROOT}/Manifest.lock\" > /dev/null\nif [ $? != 0 ] ; then\n    # print error to STDERR\n    echo \"error: The sandbox is not in sync with the Podfile.lock. Run 'pod install' or update your CocoaPods installation.\" >&2\n    exit 1\nfi\n# This output is used by Xcode 'outputs' to avoid re-running this script phase.\necho \"SUCCESS\" > \"${SCRIPT_OUTPUT_FILE_0}\"\n";
			showEnvVarsInLog = 0;
		};
		ACFD153E9104E426834C6EB5 /* [CP] Embed Pods Frameworks */ = {
			isa = PBXShellScriptBuildPhase;
			buildActionMask = 2147483647;
			files = (
			);
			inputFileListPaths = (
				"${PODS_ROOT}/Target Support Files/Pods-SportApp/Pods-SportApp-frameworks-${CONFIGURATION}-input-files.xcfilelist",
			);
			name = "[CP] Embed Pods Frameworks";
			outputFileListPaths = (
				"${PODS_ROOT}/Target Support Files/Pods-SportApp/Pods-SportApp-frameworks-${CONFIGURATION}-output-files.xcfilelist",
			);
			runOnlyForDeploymentPostprocessing = 0;
			shellPath = /bin/sh;
			shellScript = "\"${PODS_ROOT}/Target Support Files/Pods-SportApp/Pods-SportApp-frameworks.sh\"\n";
			showEnvVarsInLog = 0;
		};
/* End PBXShellScriptBuildPhase section */

/* Begin PBXSourcesBuildPhase section */
		429E2C88244A194E00CBB7E3 /* Sources */ = {
			isa = PBXSourcesBuildPhase;
			buildActionMask = 2147483647;
			files = (
				429E2CB0244A1BCE00CBB7E3 /* FavouritePresenter.swift in Sources */,
				429E2CC1244A1FD800CBB7E3 /* LeagueDetailsContract.swift in Sources */,
				4234F7E7244F523A00145B57 /* Team.swift in Sources */,
				429E2CAE244A1B8600CBB7E3 /* FavouriteContract.swift in Sources */,
				429E2C92244A194E00CBB7E3 /* HomeViewController.swift in Sources */,
				BF3874B2244B366B00313CBC /* CustomCell1.swift in Sources */,
				427A4454244C4E9200CF3B68 /* FavouriteTableViewCell.swift in Sources */,
				429E2CAA244A1ABA00CBB7E3 /* HomeContract.swift in Sources */,
				BF3ACC0C2450623E007AB784 /* enentCell.swift in Sources */,
				429E2CBF244A1FBF00CBB7E3 /* LeagueDetailsViewController.swift in Sources */,
				BF3ACC0E245064BD007AB784 /* Teamcell.swift in Sources */,
				429E2CCA244A20E100CBB7E3 /* TeamDetailsPresenter.swift in Sources */,
				4234F7E9244F55EB00145B57 /* Event.swift in Sources */,
				BFF584B3244E2FD800CFC3BF /* playercells.swift in Sources */,
				429E2CB2244A1CB700CBB7E3 /* FavouriteViewController.swift in Sources */,
				427A4452244C3F7B00CF3B68 /* LocalEntity.swift in Sources */,
				BFF584B1244E2F7300CFC3BF /* TeamEventsCell.swift in Sources */,
				429E2CAC244A1ADC00CBB7E3 /* HomePresenter.swift in Sources */,
				BF3ACC102451010A007AB784 /* LeagueCell.swift in Sources */,
				429E2C90244A194E00CBB7E3 /* AppDelegate.swift in Sources */,
				429E2CC3244A200800CBB7E3 /* LeagueDetailsPresenter.swift in Sources */,
				BF3ACC0A245061CD007AB784 /* resultCell.swift in Sources */,
				429E2CBA244A1F0000CBB7E3 /* LeaguePresenter.swift in Sources */,
				429E2C98244A194E00CBB7E3 /* SportApp.xcdatamodeld in Sources */,
				429E2CB8244A1EE900CBB7E3 /* LeaguesContract.swift in Sources */,
				429E2CCE244A300900CBB7E3 /* LocalData.swift in Sources */,
				BF3874B6244C86A400313CBC /* colors.swift in Sources */,
				429E2CCC244A2FF900CBB7E3 /* Network.swift in Sources */,
				429E2CC6244A20B200CBB7E3 /* TeamDetailsViewController.swift in Sources */,
				429E2CB6244A1ED600CBB7E3 /* LeaguesViewController.swift in Sources */,
				429E2CC8244A20C800CBB7E3 /* TeamDetailsContract.swift in Sources */,
			);
			runOnlyForDeploymentPostprocessing = 0;
		};
/* End PBXSourcesBuildPhase section */

/* Begin PBXVariantGroup section */
		429E2C93244A194E00CBB7E3 /* Main.storyboard */ = {
			isa = PBXVariantGroup;
			children = (
				429E2C94244A194E00CBB7E3 /* Base */,
			);
			name = Main.storyboard;
			sourceTree = "<group>";
		};
		429E2C9B244A195100CBB7E3 /* LaunchScreen.storyboard */ = {
			isa = PBXVariantGroup;
			children = (
				429E2C9C244A195100CBB7E3 /* Base */,
			);
			name = LaunchScreen.storyboard;
			sourceTree = "<group>";
		};
/* End PBXVariantGroup section */

/* Begin XCBuildConfiguration section */
		429E2C9F244A195100CBB7E3 /* Debug */ = {
			isa = XCBuildConfiguration;
			buildSettings = {
				ALWAYS_SEARCH_USER_PATHS = NO;
				CLANG_ANALYZER_NONNULL = YES;
				CLANG_ANALYZER_NUMBER_OBJECT_CONVERSION = YES_AGGRESSIVE;
				CLANG_CXX_LANGUAGE_STANDARD = "gnu++14";
				CLANG_CXX_LIBRARY = "libc++";
				CLANG_ENABLE_MODULES = YES;
				CLANG_ENABLE_OBJC_ARC = YES;
				CLANG_ENABLE_OBJC_WEAK = YES;
				CLANG_WARN_BLOCK_CAPTURE_AUTORELEASING = YES;
				CLANG_WARN_BOOL_CONVERSION = YES;
				CLANG_WARN_COMMA = YES;
				CLANG_WARN_CONSTANT_CONVERSION = YES;
				CLANG_WARN_DEPRECATED_OBJC_IMPLEMENTATIONS = YES;
				CLANG_WARN_DIRECT_OBJC_ISA_USAGE = YES_ERROR;
				CLANG_WARN_DOCUMENTATION_COMMENTS = YES;
				CLANG_WARN_EMPTY_BODY = YES;
				CLANG_WARN_ENUM_CONVERSION = YES;
				CLANG_WARN_INFINITE_RECURSION = YES;
				CLANG_WARN_INT_CONVERSION = YES;
				CLANG_WARN_NON_LITERAL_NULL_CONVERSION = YES;
				CLANG_WARN_OBJC_IMPLICIT_RETAIN_SELF = YES;
				CLANG_WARN_OBJC_LITERAL_CONVERSION = YES;
				CLANG_WARN_OBJC_ROOT_CLASS = YES_ERROR;
				CLANG_WARN_RANGE_LOOP_ANALYSIS = YES;
				CLANG_WARN_STRICT_PROTOTYPES = YES;
				CLANG_WARN_SUSPICIOUS_MOVE = YES;
				CLANG_WARN_UNGUARDED_AVAILABILITY = YES_AGGRESSIVE;
				CLANG_WARN_UNREACHABLE_CODE = YES;
				CLANG_WARN__DUPLICATE_METHOD_MATCH = YES;
				CODE_SIGN_IDENTITY = "iPhone Developer";
				COPY_PHASE_STRIP = NO;
				DEBUG_INFORMATION_FORMAT = dwarf;
				ENABLE_STRICT_OBJC_MSGSEND = YES;
				ENABLE_TESTABILITY = YES;
				GCC_C_LANGUAGE_STANDARD = gnu11;
				GCC_DYNAMIC_NO_PIC = NO;
				GCC_NO_COMMON_BLOCKS = YES;
				GCC_OPTIMIZATION_LEVEL = 0;
				GCC_PREPROCESSOR_DEFINITIONS = (
					"DEBUG=1",
					"$(inherited)",
				);
				GCC_WARN_64_TO_32_BIT_CONVERSION = YES;
				GCC_WARN_ABOUT_RETURN_TYPE = YES_ERROR;
				GCC_WARN_UNDECLARED_SELECTOR = YES;
				GCC_WARN_UNINITIALIZED_AUTOS = YES_AGGRESSIVE;
				GCC_WARN_UNUSED_FUNCTION = YES;
				GCC_WARN_UNUSED_VARIABLE = YES;
				IPHONEOS_DEPLOYMENT_TARGET = 12.2;
				MTL_ENABLE_DEBUG_INFO = INCLUDE_SOURCE;
				MTL_FAST_MATH = YES;
				ONLY_ACTIVE_ARCH = YES;
				SDKROOT = iphoneos;
				SWIFT_ACTIVE_COMPILATION_CONDITIONS = DEBUG;
				SWIFT_OPTIMIZATION_LEVEL = "-Onone";
			};
			name = Debug;
		};
		429E2CA0244A195100CBB7E3 /* Release */ = {
			isa = XCBuildConfiguration;
			buildSettings = {
				ALWAYS_SEARCH_USER_PATHS = NO;
				CLANG_ANALYZER_NONNULL = YES;
				CLANG_ANALYZER_NUMBER_OBJECT_CONVERSION = YES_AGGRESSIVE;
				CLANG_CXX_LANGUAGE_STANDARD = "gnu++14";
				CLANG_CXX_LIBRARY = "libc++";
				CLANG_ENABLE_MODULES = YES;
				CLANG_ENABLE_OBJC_ARC = YES;
				CLANG_ENABLE_OBJC_WEAK = YES;
				CLANG_WARN_BLOCK_CAPTURE_AUTORELEASING = YES;
				CLANG_WARN_BOOL_CONVERSION = YES;
				CLANG_WARN_COMMA = YES;
				CLANG_WARN_CONSTANT_CONVERSION = YES;
				CLANG_WARN_DEPRECATED_OBJC_IMPLEMENTATIONS = YES;
				CLANG_WARN_DIRECT_OBJC_ISA_USAGE = YES_ERROR;
				CLANG_WARN_DOCUMENTATION_COMMENTS = YES;
				CLANG_WARN_EMPTY_BODY = YES;
				CLANG_WARN_ENUM_CONVERSION = YES;
				CLANG_WARN_INFINITE_RECURSION = YES;
				CLANG_WARN_INT_CONVERSION = YES;
				CLANG_WARN_NON_LITERAL_NULL_CONVERSION = YES;
				CLANG_WARN_OBJC_IMPLICIT_RETAIN_SELF = YES;
				CLANG_WARN_OBJC_LITERAL_CONVERSION = YES;
				CLANG_WARN_OBJC_ROOT_CLASS = YES_ERROR;
				CLANG_WARN_RANGE_LOOP_ANALYSIS = YES;
				CLANG_WARN_STRICT_PROTOTYPES = YES;
				CLANG_WARN_SUSPICIOUS_MOVE = YES;
				CLANG_WARN_UNGUARDED_AVAILABILITY = YES_AGGRESSIVE;
				CLANG_WARN_UNREACHABLE_CODE = YES;
				CLANG_WARN__DUPLICATE_METHOD_MATCH = YES;
				CODE_SIGN_IDENTITY = "iPhone Developer";
				COPY_PHASE_STRIP = NO;
				DEBUG_INFORMATION_FORMAT = "dwarf-with-dsym";
				ENABLE_NS_ASSERTIONS = NO;
				ENABLE_STRICT_OBJC_MSGSEND = YES;
				GCC_C_LANGUAGE_STANDARD = gnu11;
				GCC_NO_COMMON_BLOCKS = YES;
				GCC_WARN_64_TO_32_BIT_CONVERSION = YES;
				GCC_WARN_ABOUT_RETURN_TYPE = YES_ERROR;
				GCC_WARN_UNDECLARED_SELECTOR = YES;
				GCC_WARN_UNINITIALIZED_AUTOS = YES_AGGRESSIVE;
				GCC_WARN_UNUSED_FUNCTION = YES;
				GCC_WARN_UNUSED_VARIABLE = YES;
				IPHONEOS_DEPLOYMENT_TARGET = 12.2;
				MTL_ENABLE_DEBUG_INFO = NO;
				MTL_FAST_MATH = YES;
				SDKROOT = iphoneos;
				SWIFT_COMPILATION_MODE = wholemodule;
				SWIFT_OPTIMIZATION_LEVEL = "-O";
				VALIDATE_PRODUCT = YES;
			};
			name = Release;
		};
		429E2CA2244A195100CBB7E3 /* Debug */ = {
			isa = XCBuildConfiguration;
			baseConfigurationReference = C8C19F539B9DE06630C43806 /* Pods-SportApp.debug.xcconfig */;
			buildSettings = {
				ASSETCATALOG_COMPILER_APPICON_NAME = AppIcon;
				CODE_SIGN_STYLE = Automatic;
				INFOPLIST_FILE = SportApp/Info.plist;
				LD_RUNPATH_SEARCH_PATHS = (
					"$(inherited)",
					"@executable_path/Frameworks",
				);
				PRODUCT_BUNDLE_IDENTIFIER = elesdody.SportApp;
				PRODUCT_NAME = "$(TARGET_NAME)";
				SWIFT_VERSION = 5.0;
				TARGETED_DEVICE_FAMILY = "1,2";
			};
			name = Debug;
		};
		429E2CA3244A195100CBB7E3 /* Release */ = {
			isa = XCBuildConfiguration;
			baseConfigurationReference = 838341358E1E1ABD9A14700B /* Pods-SportApp.release.xcconfig */;
			buildSettings = {
				ASSETCATALOG_COMPILER_APPICON_NAME = AppIcon;
				CODE_SIGN_STYLE = Automatic;
				INFOPLIST_FILE = SportApp/Info.plist;
				LD_RUNPATH_SEARCH_PATHS = (
					"$(inherited)",
					"@executable_path/Frameworks",
				);
				PRODUCT_BUNDLE_IDENTIFIER = elesdody.SportApp;
				PRODUCT_NAME = "$(TARGET_NAME)";
				SWIFT_VERSION = 5.0;
				TARGETED_DEVICE_FAMILY = "1,2";
			};
			name = Release;
		};
/* End XCBuildConfiguration section */

/* Begin XCConfigurationList section */
		429E2C87244A194E00CBB7E3 /* Build configuration list for PBXProject "SportApp" */ = {
			isa = XCConfigurationList;
			buildConfigurations = (
				429E2C9F244A195100CBB7E3 /* Debug */,
				429E2CA0244A195100CBB7E3 /* Release */,
			);
			defaultConfigurationIsVisible = 0;
			defaultConfigurationName = Release;
		};
		429E2CA1244A195100CBB7E3 /* Build configuration list for PBXNativeTarget "SportApp" */ = {
			isa = XCConfigurationList;
			buildConfigurations = (
				429E2CA2244A195100CBB7E3 /* Debug */,
				429E2CA3244A195100CBB7E3 /* Release */,
			);
			defaultConfigurationIsVisible = 0;
			defaultConfigurationName = Release;
		};
/* End XCConfigurationList section */

/* Begin XCVersionGroup section */
		429E2C96244A194E00CBB7E3 /* SportApp.xcdatamodeld */ = {
			isa = XCVersionGroup;
			children = (
				429E2C97244A194E00CBB7E3 /* SportApp.xcdatamodel */,
			);
			currentVersion = 429E2C97244A194E00CBB7E3 /* SportApp.xcdatamodel */;
			path = SportApp.xcdatamodeld;
			sourceTree = "<group>";
			versionGroupType = wrapper.xcdatamodel;
		};
/* End XCVersionGroup section */
	};
	rootObject = 429E2C84244A194E00CBB7E3 /* Project object */;
}
